// !$*UTF8*$!
{
	archiveVersion = 1;
	classes = {
	};
	objectVersion = 56;
	objects = {

/* Begin PBXBuildFile section */
		A1APP1 /* KvitteringApp.swift in Sources */ = {isa = PBXBuildFile; fileRef = A1APP0 /* KvitteringApp.swift */; };
		A1MODEL1 /* Receipt.swift in Sources */ = {isa = PBXBuildFile; fileRef = A1MODEL0 /* Receipt.swift */; };
		A1SERV1 /* FeatureAccess.swift in Sources */ = {isa = PBXBuildFile; fileRef = A1SERV0 /* FeatureAccess.swift */; };
		A1SERV10 /* ReceiptRepository.swift in Sources */ = {isa = PBXBuildFile; fileRef = A1SERV11 /* ReceiptRepository.swift */; };
		A1SERV12 /* StoreNameMatcher.swift in Sources */ = {isa = PBXBuildFile; fileRef = A1SERV13 /* StoreNameMatcher.swift */; };
		A1SERV2 /* CategoryService.swift in Sources */ = {isa = PBXBuildFile; fileRef = A1SERV3 /* CategoryService.swift */; };
		A1SERV6 /* ImageStore.swift in Sources */ = {isa = PBXBuildFile; fileRef = A1SERV7 /* ImageStore.swift */; };
		A1SERV8 /* OCRService.swift in Sources */ = {isa = PBXBuildFile; fileRef = A1SERV9 /* OCRService.swift */; };
		A1TEST1 /* OCRServiceTests.swift in Sources */ = {isa = PBXBuildFile; fileRef = A1TEST0 /* OCRServiceTests.swift */; };
		A1TEST3 /* AmountFormatterTests.swift in Sources */ = {isa = PBXBuildFile; fileRef = A1TEST2 /* AmountFormatterTests.swift */; };
		A1TEST5 /* CategoryServiceTests.swift in Sources */ = {isa = PBXBuildFile; fileRef = A1TEST4 /* CategoryServiceTests.swift */; };
		A1UTIL1 /* DocumentScanner.swift in Sources */ = {isa = PBXBuildFile; fileRef = A1UTIL0 /* DocumentScanner.swift */; };
		A1UTIL10 /* TextNormalizer.swift in Sources */ = {isa = PBXBuildFile; fileRef = A1UTIL11 /* TextNormalizer.swift */; };
		A1UTIL12 /* ThemeManager.swift in Sources */ = {isa = PBXBuildFile; fileRef = A1UTIL13 /* ThemeManager.swift */; };
		A1UTIL14 /* MessageComposeView.swift in Sources */ = {isa = PBXBuildFile; fileRef = A1UTIL15 /* MessageComposeView.swift */; };
		A1UTIL2 /* PhotoPicker.swift in Sources */ = {isa = PBXBuildFile; fileRef = A1UTIL3 /* PhotoPicker.swift */; };
		A1UTIL4 /* ActivityView.swift in Sources */ = {isa = PBXBuildFile; fileRef = A1UTIL5 /* ActivityView.swift */; };
		A1UTIL6 /* AmountsFormatter.swift in Sources */ = {isa = PBXBuildFile; fileRef = A1UTIL7 /* AmountsFormatter.swift */; };
		A1UTIL8 /* CategoryIconHelper.swift in Sources */ = {isa = PBXBuildFile; fileRef = A1UTIL9 /* CategoryIconHelper.swift */; };
		A1VIEW1 /* ContentView.swift in Sources */ = {isa = PBXBuildFile; fileRef = A1VIEW0 /* ContentView.swift */; };
		A1VIEW10 /* EditReceiptView.swift in Sources */ = {isa = PBXBuildFile; fileRef = A1VIEW11 /* EditReceiptView.swift */; };
		A1VIEW12 /* SettingsView.swift in Sources */ = {isa = PBXBuildFile; fileRef = A1VIEW13 /* SettingsView.swift */; };
		A1VIEW14 /* ConsumerGuideView.swift in Sources */ = {isa = PBXBuildFile; fileRef = A1VIEW15 /* ConsumerGuideView.swift */; };
		A1VIEW16 /* ReceiptListFiltersView.swift in Sources */ = {isa = PBXBuildFile; fileRef = A1VIEW17 /* ReceiptListFiltersView.swift */; };
		A1VIEW18 /* ReceiptListContent.swift in Sources */ = {isa = PBXBuildFile; fileRef = A1VIEW19 /* ReceiptListContent.swift */; };
		A1VIEW2 /* HomeView.swift in Sources */ = {isa = PBXBuildFile; fileRef = A1VIEW3 /* HomeView.swift */; };
		A1VIEW20 /* SettingsAboutSection.swift in Sources */ = {isa = PBXBuildFile; fileRef = A1VIEW21 /* SettingsAboutSection.swift */; };
		A1VIEW4 /* NewReceiptOptionsView.swift in Sources */ = {isa = PBXBuildFile; fileRef = A1VIEW5 /* NewReceiptOptionsView.swift */; };
		A1VIEW6 /* ReceiptListView.swift in Sources */ = {isa = PBXBuildFile; fileRef = A1VIEW7 /* ReceiptListView.swift */; };
		A1VIEW8 /* ReceiptDetailView.swift in Sources */ = {isa = PBXBuildFile; fileRef = A1VIEW9 /* ReceiptDetailView.swift */; };
		A1VM1 /* HomeViewModel.swift in Sources */ = {isa = PBXBuildFile; fileRef = A1VM0 /* HomeViewModel.swift */; };
		A1VM2 /* ReceiptListViewModel.swift in Sources */ = {isa = PBXBuildFile; fileRef = A1VM3 /* ReceiptListViewModel.swift */; };
		A1VM4 /* EditReceiptViewModel.swift in Sources */ = {isa = PBXBuildFile; fileRef = A1VM5 /* EditReceiptViewModel.swift */; };
		A1VM6 /* ReceiptDetailViewModel.swift in Sources */ = {isa = PBXBuildFile; fileRef = A1VM7 /* ReceiptDetailViewModel.swift */; };
		A1VM8 /* SettingsViewModel.swift in Sources */ = {isa = PBXBuildFile; fileRef = A1VM9 /* SettingsViewModel.swift */; };
		A1RESOURCE1 /* store_categories.json in Resources */ = {isa = PBXBuildFile; fileRef = A1RESOURCE0 /* store_categories.json */; };
		A1RESOURCE2 /* store_categories.json in Resources */ = {isa = PBXBuildFile; fileRef = A1RESOURCE0 /* store_categories.json */; };
/* End PBXBuildFile section */

/* Begin PBXContainerItemProxy section */
		65E5F2D32EF4C2B1000D309F /* PBXContainerItemProxy */ = {
			isa = PBXContainerItemProxy;
			containerPortal = PROJECT /* Project object */;
			proxyType = 1;
			remoteGlobalIDString = APPTARGET;
			remoteInfo = Kvittering;
		};
/* End PBXContainerItemProxy section */

/* Begin PBXFileReference section */
		A1APP0 /* KvitteringApp.swift */ = {isa = PBXFileReference; lastKnownFileType = sourcecode.swift; path = KvitteringApp.swift; sourceTree = "<group>"; };
		A1MODEL0 /* Receipt.swift */ = {isa = PBXFileReference; lastKnownFileType = sourcecode.swift; path = Receipt.swift; sourceTree = "<group>"; };
		A1PLIST0 /* Info.plist */ = {isa = PBXFileReference; lastKnownFileType = text.plist.xml; path = Info.plist; sourceTree = "<group>"; };
		A1SERV0 /* FeatureAccess.swift */ = {isa = PBXFileReference; lastKnownFileType = sourcecode.swift; path = FeatureAccess.swift; sourceTree = "<group>"; };
		A1SERV11 /* ReceiptRepository.swift */ = {isa = PBXFileReference; lastKnownFileType = sourcecode.swift; path = ReceiptRepository.swift; sourceTree = "<group>"; };
		A1SERV13 /* StoreNameMatcher.swift */ = {isa = PBXFileReference; lastKnownFileType = sourcecode.swift; path = StoreNameMatcher.swift; sourceTree = "<group>"; };
		A1SERV3 /* CategoryService.swift */ = {isa = PBXFileReference; lastKnownFileType = sourcecode.swift; path = CategoryService.swift; sourceTree = "<group>"; };
		A1SERV7 /* ImageStore.swift */ = {isa = PBXFileReference; lastKnownFileType = sourcecode.swift; path = ImageStore.swift; sourceTree = "<group>"; };
		A1SERV9 /* OCRService.swift */ = {isa = PBXFileReference; lastKnownFileType = sourcecode.swift; path = OCRService.swift; sourceTree = "<group>"; };
		A1TEST0 /* OCRServiceTests.swift */ = {isa = PBXFileReference; lastKnownFileType = sourcecode.swift; path = OCRServiceTests.swift; sourceTree = "<group>"; };
		A1TEST2 /* AmountFormatterTests.swift */ = {isa = PBXFileReference; lastKnownFileType = sourcecode.swift; path = AmountFormatterTests.swift; sourceTree = "<group>"; };
		A1TEST4 /* CategoryServiceTests.swift */ = {isa = PBXFileReference; lastKnownFileType = sourcecode.swift; path = CategoryServiceTests.swift; sourceTree = "<group>"; };
		A1UTIL0 /* DocumentScanner.swift */ = {isa = PBXFileReference; lastKnownFileType = sourcecode.swift; path = DocumentScanner.swift; sourceTree = "<group>"; };
		A1UTIL11 /* TextNormalizer.swift */ = {isa = PBXFileReference; lastKnownFileType = sourcecode.swift; path = TextNormalizer.swift; sourceTree = "<group>"; };
		A1UTIL13 /* ThemeManager.swift */ = {isa = PBXFileReference; lastKnownFileType = sourcecode.swift; path = ThemeManager.swift; sourceTree = "<group>"; };
		A1UTIL15 /* MessageComposeView.swift */ = {isa = PBXFileReference; lastKnownFileType = sourcecode.swift; path = MessageComposeView.swift; sourceTree = "<group>"; };
		A1UTIL3 /* PhotoPicker.swift */ = {isa = PBXFileReference; lastKnownFileType = sourcecode.swift; path = PhotoPicker.swift; sourceTree = "<group>"; };
		A1UTIL5 /* ActivityView.swift */ = {isa = PBXFileReference; lastKnownFileType = sourcecode.swift; path = ActivityView.swift; sourceTree = "<group>"; };
		A1UTIL7 /* AmountsFormatter.swift */ = {isa = PBXFileReference; lastKnownFileType = sourcecode.swift; path = AmountsFormatter.swift; sourceTree = "<group>"; };
		A1UTIL9 /* CategoryIconHelper.swift */ = {isa = PBXFileReference; lastKnownFileType = sourcecode.swift; path = CategoryIconHelper.swift; sourceTree = "<group>"; };
		A1VIEW0 /* ContentView.swift */ = {isa = PBXFileReference; lastKnownFileType = sourcecode.swift; path = ContentView.swift; sourceTree = "<group>"; };
		A1VIEW11 /* EditReceiptView.swift */ = {isa = PBXFileReference; lastKnownFileType = sourcecode.swift; path = EditReceiptView.swift; sourceTree = "<group>"; };
		A1VIEW13 /* SettingsView.swift */ = {isa = PBXFileReference; lastKnownFileType = sourcecode.swift; path = SettingsView.swift; sourceTree = "<group>"; };
		A1VIEW15 /* ConsumerGuideView.swift */ = {isa = PBXFileReference; lastKnownFileType = sourcecode.swift; path = ConsumerGuideView.swift; sourceTree = "<group>"; };
		A1VIEW17 /* ReceiptListFiltersView.swift */ = {isa = PBXFileReference; lastKnownFileType = sourcecode.swift; path = ReceiptListFiltersView.swift; sourceTree = "<group>"; };
		A1VIEW19 /* ReceiptListContent.swift */ = {isa = PBXFileReference; lastKnownFileType = sourcecode.swift; path = ReceiptListContent.swift; sourceTree = "<group>"; };
		A1VIEW21 /* SettingsAboutSection.swift */ = {isa = PBXFileReference; lastKnownFileType = sourcecode.swift; path = SettingsAboutSection.swift; sourceTree = "<group>"; };
		A1VIEW3 /* HomeView.swift */ = {isa = PBXFileReference; lastKnownFileType = sourcecode.swift; path = HomeView.swift; sourceTree = "<group>"; };
		A1VIEW5 /* NewReceiptOptionsView.swift */ = {isa = PBXFileReference; lastKnownFileType = sourcecode.swift; path = NewReceiptOptionsView.swift; sourceTree = "<group>"; };
		A1VIEW7 /* ReceiptListView.swift */ = {isa = PBXFileReference; lastKnownFileType = sourcecode.swift; path = ReceiptListView.swift; sourceTree = "<group>"; };
		A1VIEW9 /* ReceiptDetailView.swift */ = {isa = PBXFileReference; lastKnownFileType = sourcecode.swift; path = ReceiptDetailView.swift; sourceTree = "<group>"; };
		A1VM0 /* HomeViewModel.swift */ = {isa = PBXFileReference; lastKnownFileType = sourcecode.swift; path = HomeViewModel.swift; sourceTree = "<group>"; };
		A1VM3 /* ReceiptListViewModel.swift */ = {isa = PBXFileReference; lastKnownFileType = sourcecode.swift; path = ReceiptListViewModel.swift; sourceTree = "<group>"; };
		A1VM5 /* EditReceiptViewModel.swift */ = {isa = PBXFileReference; lastKnownFileType = sourcecode.swift; path = EditReceiptViewModel.swift; sourceTree = "<group>"; };
		A1VM7 /* ReceiptDetailViewModel.swift */ = {isa = PBXFileReference; lastKnownFileType = sourcecode.swift; path = ReceiptDetailViewModel.swift; sourceTree = "<group>"; };
		A1VM9 /* SettingsViewModel.swift */ = {isa = PBXFileReference; lastKnownFileType = sourcecode.swift; path = SettingsViewModel.swift; sourceTree = "<group>"; };
		A1RESOURCE0 /* store_categories.json */ = {isa = PBXFileReference; lastKnownFileType = text.json; path = store_categories.json; sourceTree = "<group>"; };
		PRODID /* Kvittering.app */ = {isa = PBXFileReference; explicitFileType = wrapper.application; includeInIndex = 0; path = Kvittering.app; sourceTree = BUILT_PRODUCTS_DIR; };
		TESTPROD /* Kvittering.xctest */ = {isa = PBXFileReference; explicitFileType = wrapper.cfbundle; includeInIndex = 0; path = Kvittering.xctest; sourceTree = BUILT_PRODUCTS_DIR; };
/* End PBXFileReference section */

/* Begin PBXFrameworksBuildPhase section */
		FRAMEWORKS /* Frameworks */ = {
			isa = PBXFrameworksBuildPhase;
			buildActionMask = 2147483647;
			files = (
			);
			runOnlyForDeploymentPostprocessing = 0;
		};
		TESTFRAMEWORKS /* Frameworks */ = {
			isa = PBXFrameworksBuildPhase;
			buildActionMask = 2147483647;
			files = (
			);
			runOnlyForDeploymentPostprocessing = 0;
		};
/* End PBXFrameworksBuildPhase section */

/* Begin PBXGroup section */
		A1SRC /* Kvittering */ = {
			isa = PBXGroup;
			children = (
				A1APP0 /* KvitteringApp.swift */,
				A1PLIST0 /* Info.plist */,
				MODELS /* Models */,
				SERVICES /* Services */,
				VIEWMODELS /* ViewModels */,
				VIEWS /* Views */,
				UTILS /* Utilities */,
				RESOURCESGRP /* Resources */,
			);
			path = Kvittering;
			sourceTree = "<group>";
		};
		A1TESTGRP /* KvitteringTests */ = {
			isa = PBXGroup;
			children = (
				A1TEST0 /* OCRServiceTests.swift */,
				A1TEST2 /* AmountFormatterTests.swift */,
				TESTGROUPSERVICES /* Services */,
			);
			path = KvitteringTests;
			sourceTree = "<group>";
		};
		MODELS /* Models */ = {
			isa = PBXGroup;
			children = (
				A1MODEL0 /* Receipt.swift */,
			);
			path = Models;
			sourceTree = "<group>";
		};
		PRODS /* Products */ = {
			isa = PBXGroup;
			children = (
				PRODID /* Kvittering.app */,
				TESTPROD /* Kvittering.xctest */,
			);
			name = Products;
			sourceTree = "<group>";
		};
		ROOT = {
			isa = PBXGroup;
			children = (
				A1SRC /* Kvittering */,
				A1TESTGRP /* KvitteringTests */,
				PRODS /* Products */,
			);
			sourceTree = "<group>";
		};
		SERVICES /* Services */ = {
			isa = PBXGroup;
			children = (
				A1SERV0 /* FeatureAccess.swift */,
				A1SERV3 /* CategoryService.swift */,
				A1SERV7 /* ImageStore.swift */,
				A1SERV9 /* OCRService.swift */,
				A1SERV11 /* ReceiptRepository.swift */,
				A1SERV13 /* StoreNameMatcher.swift */,
			);
			path = Services;
			sourceTree = "<group>";
		};
		TESTGROUPSERVICES /* Services */ = {
			isa = PBXGroup;
			children = (
				A1TEST4 /* CategoryServiceTests.swift */,
			);
			path = Services;
			sourceTree = "<group>";
		};
		UTILS /* Utilities */ = {
			isa = PBXGroup;
			children = (
				A1UTIL0 /* DocumentScanner.swift */,
				A1UTIL3 /* PhotoPicker.swift */,
				A1UTIL5 /* ActivityView.swift */,
				A1UTIL7 /* AmountsFormatter.swift */,
				A1UTIL9 /* CategoryIconHelper.swift */,
				A1UTIL11 /* TextNormalizer.swift */,
				A1UTIL13 /* ThemeManager.swift */,
				A1UTIL15 /* MessageComposeView.swift */,
			);
			path = Utilities;
			sourceTree = "<group>";
		};
		VIEWMODELS /* ViewModels */ = {
			isa = PBXGroup;
			children = (
				A1VM0 /* HomeViewModel.swift */,
				A1VM3 /* ReceiptListViewModel.swift */,
				A1VM5 /* EditReceiptViewModel.swift */,
				A1VM7 /* ReceiptDetailViewModel.swift */,
				A1VM9 /* SettingsViewModel.swift */,
			);
			path = ViewModels;
			sourceTree = "<group>";
		};
		RESOURCESGRP /* Resources */ = {
			isa = PBXGroup;
			children = (
				A1RESOURCE0 /* store_categories.json */,
			);
			path = Resources;
			sourceTree = "<group>";
		};
		VIEWS /* Views */ = {
			isa = PBXGroup;
			children = (
				A1VIEW0 /* ContentView.swift */,
				A1VIEW3 /* HomeView.swift */,
				A1VIEW5 /* NewReceiptOptionsView.swift */,
				A1VIEW7 /* ReceiptListView.swift */,
				A1VIEW17 /* ReceiptListFiltersView.swift */,
				A1VIEW19 /* ReceiptListContent.swift */,
				A1VIEW9 /* ReceiptDetailView.swift */,
				A1VIEW11 /* EditReceiptView.swift */,
				A1VIEW13 /* SettingsView.swift */,
				A1VIEW21 /* SettingsAboutSection.swift */,
				A1VIEW15 /* ConsumerGuideView.swift */,
			);
			path = Views;
			sourceTree = "<group>";
		};
/* End PBXGroup section */

/* Begin PBXNativeTarget section */
		APPTARGET /* Kvittering */ = {
			isa = PBXNativeTarget;
			buildConfigurationList = APPCONFIGLIST /* Build configuration list for PBXNativeTarget "Kvittering" */;
			buildPhases = (
				SOURCES /* Sources */,
				FRAMEWORKS /* Frameworks */,
				RESOURCES /* Resources */,
			);
			buildRules = (
			);
			dependencies = (
			);
			name = Kvittering;
			productName = Kvittering;
			productReference = PRODID /* Kvittering.app */;
			productType = "com.apple.product-type.application";
		};
		TESTTARGET /* KvitteringTests */ = {
			isa = PBXNativeTarget;
			buildConfigurationList = TESTCONFIGLIST /* Build configuration list for PBXNativeTarget "KvitteringTests" */;
			buildPhases = (
				TESTSOURCES /* Sources */,
				TESTFRAMEWORKS /* Frameworks */,
				TESTRESOURCES /* Resources */,
			);
			buildRules = (
			);
			dependencies = (
				65E5F2D42EF4C2B1000D309F /* PBXTargetDependency */,
			);
			name = KvitteringTests;
			productName = KvitteringTests;
			productReference = TESTPROD /* Kvittering.xctest */;
			productType = "com.apple.product-type.bundle.unit-test";
		};
/* End PBXNativeTarget section */

/* Begin PBXProject section */
		PROJECT /* Project object */ = {
			isa = PBXProject;
			attributes = {
				LastSwiftUpdateCheck = 9999;
				LastUpgradeCheck = 9999;
				ORGANIZATIONNAME = "";
				TargetAttributes = {
					TESTTARGET = {
						TestTargetID = APPTARGET;
					};
				};
			};
			buildConfigurationList = PROJCONFIGLIST /* Build configuration list for PBXProject "Kvittering" */;
			compatibilityVersion = "Xcode 14.0";
			developmentRegion = en;
			hasScannedForEncodings = 0;
			knownRegions = (
				en,
			);
			mainGroup = ROOT;
			productRefGroup = PRODS /* Products */;
			projectDirPath = "";
			projectRoot = "";
			targets = (
				APPTARGET /* Kvittering */,
				TESTTARGET /* KvitteringTests */,
			);
		};
/* End PBXProject section */

/* Begin PBXResourcesBuildPhase section */
		RESOURCES /* Resources */ = {
			isa = PBXResourcesBuildPhase;
			buildActionMask = 2147483647;
			files = (
				A1RESOURCE1 /* store_categories.json in Resources */,
			);
			runOnlyForDeploymentPostprocessing = 0;
		};
		TESTRESOURCES /* Resources */ = {
			isa = PBXResourcesBuildPhase;
			buildActionMask = 2147483647;
			files = (
				A1RESOURCE2 /* store_categories.json in Resources */,
			);
			runOnlyForDeploymentPostprocessing = 0;
		};
/* End PBXResourcesBuildPhase section */

/* Begin PBXSourcesBuildPhase section */
		SOURCES /* Sources */ = {
			isa = PBXSourcesBuildPhase;
			buildActionMask = 2147483647;
			files = (
				A1APP1 /* KvitteringApp.swift in Sources */,
				A1MODEL1 /* Receipt.swift in Sources */,
				A1SERV1 /* FeatureAccess.swift in Sources */,
				A1SERV2 /* CategoryService.swift in Sources */,
				A1SERV6 /* ImageStore.swift in Sources */,
				A1SERV8 /* OCRService.swift in Sources */,
				A1SERV10 /* ReceiptRepository.swift in Sources */,
				A1VM1 /* HomeViewModel.swift in Sources */,
				A1VM2 /* ReceiptListViewModel.swift in Sources */,
				A1VM4 /* EditReceiptViewModel.swift in Sources */,
				A1VM6 /* ReceiptDetailViewModel.swift in Sources */,
				A1VM8 /* SettingsViewModel.swift in Sources */,
				A1VIEW1 /* ContentView.swift in Sources */,
				A1VIEW2 /* HomeView.swift in Sources */,
				A1VIEW4 /* NewReceiptOptionsView.swift in Sources */,
				A1VIEW6 /* ReceiptListView.swift in Sources */,
				A1VIEW8 /* ReceiptDetailView.swift in Sources */,
				A1VIEW10 /* EditReceiptView.swift in Sources */,
				A1VIEW12 /* SettingsView.swift in Sources */,
				A1VIEW14 /* ConsumerGuideView.swift in Sources */,
				A1VIEW16 /* ReceiptListFiltersView.swift in Sources */,
				A1VIEW18 /* ReceiptListContent.swift in Sources */,
				A1VIEW20 /* SettingsAboutSection.swift in Sources */,
				A1UTIL1 /* DocumentScanner.swift in Sources */,
				A1UTIL2 /* PhotoPicker.swift in Sources */,
				A1UTIL4 /* ActivityView.swift in Sources */,
				A1UTIL6 /* AmountsFormatter.swift in Sources */,
				A1UTIL8 /* CategoryIconHelper.swift in Sources */,
				A1UTIL10 /* TextNormalizer.swift in Sources */,
				A1UTIL12 /* ThemeManager.swift in Sources */,
				A1UTIL14 /* MessageComposeView.swift in Sources */,
				A1SERV12 /* StoreNameMatcher.swift in Sources */,
			);
			runOnlyForDeploymentPostprocessing = 0;
		};
		TESTSOURCES /* Sources */ = {
			isa = PBXSourcesBuildPhase;
			buildActionMask = 2147483647;
			files = (
				A1TEST1 /* OCRServiceTests.swift in Sources */,
				A1TEST3 /* AmountFormatterTests.swift in Sources */,
				A1TEST5 /* CategoryServiceTests.swift in Sources */,
			);
			runOnlyForDeploymentPostprocessing = 0;
		};
/* End PBXSourcesBuildPhase section */

/* Begin PBXTargetDependency section */
		65E5F2D42EF4C2B1000D309F /* PBXTargetDependency */ = {
			isa = PBXTargetDependency;
			target = APPTARGET /* Kvittering */;
			targetProxy = 65E5F2D32EF4C2B1000D309F /* PBXContainerItemProxy */;
		};
/* End PBXTargetDependency section */

/* Begin XCBuildConfiguration section */
		DEBUG /* Debug */ = {
			isa = XCBuildConfiguration;
			buildSettings = {
				ALWAYS_SEARCH_USER_PATHS = NO;
				ASSETCATALOG_COMPILER_APPICON_NAME = "";
				CODE_SIGN_IDENTITY = "Apple Development";
				CODE_SIGN_STYLE = Automatic;
				DEFINES_MODULE = YES;
				DEVELOPMENT_TEAM = HCUBQ28769;
				ENABLE_TESTABILITY = YES;
				GENERATE_INFOPLIST_FILE = NO;
				INFOPLIST_FILE = Kvittering/Info.plist;
				IPHONEOS_DEPLOYMENT_TARGET = 17.0;
				PRODUCT_BUNDLE_IDENTIFIER = com.example.Kvittering;
				PRODUCT_MODULE_NAME = Kvittering;
				PRODUCT_NAME = Kvittering;
				PROVISIONING_PROFILE_SPECIFIER = "";
				SUPPORTED_PLATFORMS = "iphoneos iphonesimulator macosx";
				SUPPORTS_MACCATALYST = NO;
				SWIFT_ACTIVE_COMPILATION_CONDITIONS = DEBUG;
				SWIFT_EMIT_LOC_STRINGS = YES;
				SWIFT_VERSION = 5.0;
				TARGETED_DEVICE_FAMILY = "1,2";
			};
			name = Debug;
		};
		RELEASE /* Release */ = {
			isa = XCBuildConfiguration;
			buildSettings = {
				ALWAYS_SEARCH_USER_PATHS = NO;
				ASSETCATALOG_COMPILER_APPICON_NAME = "";
				CODE_SIGN_IDENTITY = "Apple Development";
				CODE_SIGN_STYLE = Automatic;
				DEFINES_MODULE = YES;
				DEVELOPMENT_TEAM = HCUBQ28769;
				GENERATE_INFOPLIST_FILE = NO;
				INFOPLIST_FILE = Kvittering/Info.plist;
				IPHONEOS_DEPLOYMENT_TARGET = 17.0;
				PRODUCT_BUNDLE_IDENTIFIER = com.example.Kvittering;
				PRODUCT_MODULE_NAME = Kvittering;
				PRODUCT_NAME = Kvittering;
				PROVISIONING_PROFILE_SPECIFIER = "";
				SUPPORTED_PLATFORMS = "iphoneos iphonesimulator macosx";
				SUPPORTS_MACCATALYST = NO;
				SWIFT_EMIT_LOC_STRINGS = YES;
				SWIFT_VERSION = 5.0;
				TARGETED_DEVICE_FAMILY = "1,2";
			};
			name = Release;
		};
		TESTDEBUG /* Debug */ = {
			isa = XCBuildConfiguration;
			buildSettings = {
				BUNDLE_LOADER = "$(TEST_HOST)";
				DEFINES_MODULE = YES;
				ENABLE_TESTABILITY = YES;
				IPHONEOS_DEPLOYMENT_TARGET = 17.0;
				PRODUCT_BUNDLE_IDENTIFIER = com.example.KvitteringTests;
				PRODUCT_MODULE_NAME = KvitteringTests;
				SDKROOT = iphoneos;
				SUPPORTED_PLATFORMS = "iphoneos iphonesimulator";
				SWIFT_ACTIVE_COMPILATION_CONDITIONS = DEBUG;
				SWIFT_VERSION = 5.0;
				TARGETED_DEVICE_FAMILY = "1,2";
				TEST_HOST = "$(BUILT_PRODUCTS_DIR)/Kvittering.app/Kvittering";
			};
			name = Debug;
		};
		TESTRELEASE /* Release */ = {
			isa = XCBuildConfiguration;
			buildSettings = {
				BUNDLE_LOADER = "$(TEST_HOST)";
				DEFINES_MODULE = YES;
				ENABLE_TESTABILITY = YES;
				IPHONEOS_DEPLOYMENT_TARGET = 17.0;
				PRODUCT_BUNDLE_IDENTIFIER = com.example.KvitteringTests;
				PRODUCT_MODULE_NAME = KvitteringTests;
				SDKROOT = iphoneos;
				SUPPORTED_PLATFORMS = "iphoneos iphonesimulator";
				SWIFT_VERSION = 5.0;
				TARGETED_DEVICE_FAMILY = "1,2";
				TEST_HOST = "$(BUILT_PRODUCTS_DIR)/Kvittering.app/Kvittering";
			};
			name = Release;
		};
/* End XCBuildConfiguration section */

/* Begin XCConfigurationList section */
		APPCONFIGLIST /* Build configuration list for PBXNativeTarget "Kvittering" */ = {
			isa = XCConfigurationList;
			buildConfigurations = (
				DEBUG /* Debug */,
				RELEASE /* Release */,
			);
			defaultConfigurationIsVisible = 0;
			defaultConfigurationName = Debug;
		};
		PROJCONFIGLIST /* Build configuration list for PBXProject "Kvittering" */ = {
			isa = XCConfigurationList;
			buildConfigurations = (
				DEBUG /* Debug */,
				RELEASE /* Release */,
			);
			defaultConfigurationIsVisible = 0;
			defaultConfigurationName = Debug;
		};
		TESTCONFIGLIST /* Build configuration list for PBXNativeTarget "KvitteringTests" */ = {
			isa = XCConfigurationList;
			buildConfigurations = (
				TESTDEBUG /* Debug */,
				TESTRELEASE /* Release */,
			);
			defaultConfigurationIsVisible = 0;
			defaultConfigurationName = Debug;
		};
/* End XCConfigurationList section */
	};
	rootObject = PROJECT /* Project object */;
}
